<?xml version="1.0" encoding="utf-8"?>
<Project ToolsVersion="4.0" xmlns="http://schemas.microsoft.com/developer/msbuild/2003">
  <ItemGroup>
    <Filter Include="Source Files">
      <UniqueIdentifier>{4FC737F1-C7A5-4376-A066-2A32D752A2FF}</UniqueIdentifier>
      <Extensions>cpp;c;cc;cxx;c++;cppm;ixx;def;odl;idl;hpj;bat;asm;asmx</Extensions>
    </Filter>
    <Filter Include="Header Files">
      <UniqueIdentifier>{93995380-89BD-4b04-88EB-625FBE52EBFB}</UniqueIdentifier>
      <Extensions>h;hh;hpp;hxx;h++;hm;inl;inc;ipp;xsd</Extensions>
    </Filter>
    <Filter Include="Resource Files">
      <UniqueIdentifier>{67DA6AB6-F800-4c08-8B7A-83BB121AAD01}</UniqueIdentifier>
      <Extensions>rc;ico;cur;bmp;dlg;rc2;rct;bin;rgs;gif;jpg;jpeg;jpe;resx;tiff;tif;png;wav;mfcribbon-ms</Extensions>
    </Filter>
  </ItemGroup>
  <ItemGroup>
    <ClCompile Include="dllmain.cpp">
      <Filter>Source Files</Filter>
    </ClCompile>
    <ClCompile Include="Libs\minhook\buffer.c">
      <Filter>Source Files</Filter>
    </ClCompile>
    <ClCompile Include="Libs\minhook\hde\hde32.c">
      <Filter>Source Files</Filter>
    </ClCompile>
    <ClCompile Include="Libs\minhook\hde\hde64.c">
      <Filter>Source Files</Filter>
    </ClCompile>
    <ClCompile Include="Libs\minhook\hook.c">
      <Filter>Source Files</Filter>
    </ClCompile>
    <ClCompile Include="Libs\minhook\trampoline.c">
      <Filter>Source Files</Filter>
    </ClCompile>
    <ClCompile Include="Libs\kiero\kiero.cpp">
      <Filter>Source Files</Filter>
    </ClCompile>
    <ClCompile Include="Libs\imgui\imfx.cpp">
      <Filter>Source Files</Filter>
    </ClCompile>
    <ClCompile Include="Libs\imgui\imgui.cpp">
      <Filter>Source Files</Filter>
    </ClCompile>
    <ClCompile Include="Libs\imgui\imgui_demo.cpp">
      <Filter>Source Files</Filter>
    </ClCompile>
    <ClCompile Include="Libs\imgui\imgui_draw.cpp">
      <Filter>Source Files</Filter>
    </ClCompile>
    <ClCompile Include="Libs\imgui\imgui_tables.cpp">
      <Filter>Source Files</Filter>
    </ClCompile>
    <ClCompile Include="Libs\imgui\imgui_widgets.cpp">
      <Filter>Source Files</Filter>
    </ClCompile>
    <ClCompile Include="Libs\imgui\impl\imgui_impl_dx11.cpp">
      <Filter>Source Files</Filter>
    </ClCompile>
    <ClCompile Include="Libs\imgui\impl\imgui_impl_dx12.cpp">
      <Filter>Source Files</Filter>
    </ClCompile>
    <ClCompile Include="Libs\imgui\impl\imgui_impl_win32.cpp">
      <Filter>Source Files</Filter>
    </ClCompile>
  </ItemGroup>
  <ItemGroup>
    <ClInclude Include="Libs\minhook\buffer.h">
      <Filter>Header Files</Filter>
    </ClInclude>
    <ClInclude Include="Libs\minhook\hde\hde32.h">
      <Filter>Header Files</Filter>
    </ClInclude>
    <ClInclude Include="Libs\minhook\hde\hde64.h">
      <Filter>Header Files</Filter>
    </ClInclude>
    <ClInclude Include="Libs\minhook\hde\pstdint.h">
      <Filter>Header Files</Filter>
    </ClInclude>
    <ClInclude Include="Libs\minhook\hde\table32.h">
      <Filter>Header Files</Filter>
    </ClInclude>
    <ClInclude Include="Libs\minhook\hde\table64.h">
      <Filter>Header Files</Filter>
    </ClInclude>
    <ClInclude Include="Libs\minhook\MinHook.h">
      <Filter>Header Files</Filter>
    </ClInclude>
    <ClInclude Include="Libs\minhook\trampoline.h">
      <Filter>Header Files</Filter>
    </ClInclude>
    <ClInclude Include="Base\Hooks\FuncHook.h">
      <Filter>Header Files</Filter>
    </ClInclude>
    <ClInclude Include="Base\Globals\Global.h">
      <Filter>Header Files</Filter>
    </ClInclude>
    <ClInclude Include="Client\Utils\Utils.h">
      <Filter>Header Files</Filter>
    </ClInclude>
    <ClInclude Include="Base\Hooks\Input\KeymapHook.h">
      <Filter>Header Files</Filter>
    </ClInclude>
    <ClInclude Include="Client\Utils\Math\TextHolder.h">
      <Filter>Header Files</Filter>
    </ClInclude>
    <ClInclude Include="Client\Utils\Math\UIColor.h">
      <Filter>Header Files</Filter>
    </ClInclude>
    <ClInclude Include="Client\Utils\Math\Vector2.h">
      <Filter>Header Files</Filter>
    </ClInclude>
    <ClInclude Include="Client\Utils\Math\Vector3.h">
      <Filter>Header Files</Filter>
    </ClInclude>
    <ClInclude Include="Client\Utils\Math\Vector4.h">
      <Filter>Header Files</Filter>
    </ClInclude>
    <ClInclude Include="Base\SDK\Classes\Render\MinecraftUIRenderContext.h">
      <Filter>Header Files</Filter>
    </ClInclude>
    <ClInclude Include="Base\Hooks\Render\RenderContextHook.h">
      <Filter>Header Files</Filter>
    </ClInclude>
    <ClInclude Include="Base\SDK\Classes\Actor\Actor.h">
      <Filter>Header Files</Filter>
    </ClInclude>
    <ClInclude Include="Base\SDK\Classes\Actor\Mob.h">
      <Filter>Header Files</Filter>
    </ClInclude>
    <ClInclude Include="Base\SDK\Classes\Actor\Player.h">
      <Filter>Header Files</Filter>
    </ClInclude>
    <ClInclude Include="Base\SDK\Classes\Core\ClientInstance.h">
      <Filter>Header Files</Filter>
    </ClInclude>
    <ClInclude Include="Base\SDK\Classes\Core\TimerClass.h">
      <Filter>Header Files</Filter>
    </ClInclude>
    <ClInclude Include="Base\SDK\Classes\GameMode\GameMode.h">
      <Filter>Header Files</Filter>
    </ClInclude>
    <ClInclude Include="Base\SDK\Classes\Block\BlockActor.h">
      <Filter>Header Files</Filter>
    </ClInclude>
    <ClInclude Include="Base\SDK\Classes\Packet\Packet.h">
      <Filter>Header Files</Filter>
    </ClInclude>
    <ClInclude Include="Base\SDK\Classes\Actor\Level.h">
      <Filter>Header Files</Filter>
    </ClInclude>
    <ClInclude Include="Base\SDK\Classes\Core\GuiData.h">
      <Filter>Header Files</Filter>
    </ClInclude>
    <ClInclude Include="Base\SDK\Components\StateVectorComponent.h">
      <Filter>Header Files</Filter>
    </ClInclude>
    <ClInclude Include="Libs\kiero\kiero.h">
      <Filter>Header Files</Filter>
    </ClInclude>
    <ClInclude Include="Libs\imgui\imconfig.h">
      <Filter>Header Files</Filter>
    </ClInclude>
    <ClInclude Include="Libs\imgui\imfx.h">
      <Filter>Header Files</Filter>
    </ClInclude>
    <ClInclude Include="Libs\imgui\imgui.h">
      <Filter>Header Files</Filter>
    </ClInclude>
    <ClInclude Include="Libs\imgui\imgui_internal.h">
      <Filter>Header Files</Filter>
    </ClInclude>
    <ClInclude Include="Libs\imgui\imstb_rectpack.h">
      <Filter>Header Files</Filter>
    </ClInclude>
    <ClInclude Include="Libs\imgui\imstb_textedit.h">
      <Filter>Header Files</Filter>
    </ClInclude>
    <ClInclude Include="Libs\imgui\imstb_truetype.h">
      <Filter>Header Files</Filter>
    </ClInclude>
    <ClInclude Include="Libs\imgui\impl\imgui_impl_dx11.h">
      <Filter>Header Files</Filter>
    </ClInclude>
    <ClInclude Include="Libs\imgui\impl\imgui_impl_dx12.h">
      <Filter>Header Files</Filter>
    </ClInclude>
    <ClInclude Include="Libs\imgui\impl\imgui_impl_win32.h">
      <Filter>Header Files</Filter>
    </ClInclude>
    <ClInclude Include="Base\DirectX\DirectXHook.h">
      <Filter>Header Files</Filter>
    </ClInclude>
    <ClInclude Include="Base\DirectX\ProductSans.h">
      <Filter>Header Files</Filter>
    </ClInclude>
    <ClInclude Include="Client\Utils\Math\TextFormat.h">
      <Filter>Header Files</Filter>
    </ClInclude>
    <ClInclude Include="Client\Modules\Module.h">
      <Filter>Header Files</Filter>
    </ClInclude>
    <ClInclude Include="Client\Modules\ModuleAssistant.h">
      <Filter>Header Files</Filter>
    </ClInclude>
    <ClInclude Include="Client\Modules\Settings.h">
      <Filter>Header Files</Filter>
    </ClInclude>
    <ClInclude Include="Client\Modules\Visual\ArrayList.h">
      <Filter>Header Files</Filter>
    </ClInclude>
    <ClInclude Include="Client\Events\Event.h">
      <Filter>Header Files</Filter>
    </ClInclude>
    <ClInclude Include="Client\Events\Events\ImGuiRenderEvent.h">
      <Filter>Header Files</Filter>
    </ClInclude>
    <ClInclude Include="Client\Utils\ImRenderUtils.h">
      <Filter>Header Files</Filter>
    </ClInclude>
    <ClInclude Include="Client\Utils\Math\Math.h">
      <Filter>Header Files</Filter>
    </ClInclude>
    <ClInclude Include="Client\Events\Events\RenderContextEvent.h">
      <Filter>Header Files</Filter>
    </ClInclude>
    <ClInclude Include="Client\Modules\Misc\Timer.h">
      <Filter>Header Files</Filter>
    </ClInclude>
    <ClInclude Include="Base\SDK\Classes\Network\RakPeer.h">
      <Filter>Header Files</Filter>
    </ClInclude>
    <ClInclude Include="Base\SDK\Classes\Network\RakNetConnector.h">
      <Filter>Header Files</Filter>
    </ClInclude>
    <ClInclude Include="Client\Modules\Misc\Scaffold.h">
      <Filter>Header Files</Filter>
    </ClInclude>
    <ClInclude Include="Client\Modules\Combat\Killaura.h">
      <Filter>Header Files</Filter>
    </ClInclude>
    <ClInclude Include="Client\Modules\Motion\Velocity.h">
      <Filter>Header Files</Filter>
    </ClInclude>
    <ClInclude Include="Base\Hooks\Actor\LerpMotionHook.h">
      <Filter>Header Files</Filter>
    </ClInclude>
    <ClInclude Include="Client\Modules\Motion\Fly.h">
      <Filter>Header Files</Filter>
    </ClInclude>
    <ClInclude Include="Client\Modules\Motion\Speed.h">
      <Filter>Header Files</Filter>
    </ClInclude>
    <ClInclude Include="Base\SDK\Components\MovementInterpolatorComponent.h">
      <Filter>Header Files</Filter>
    </ClInclude>
    <ClInclude Include="Client\Modules\Visual\Animations.h">
      <Filter>Header Files</Filter>
    </ClInclude>
    <ClInclude Include="Base\Hooks\Render\AnimationsHook.h">
      <Filter>Header Files</Filter>
    </ClInclude>
    <ClInclude Include="Base\SDK\Classes\Block\BlockSource.h">
      <Filter>Header Files</Filter>
    </ClInclude>
    <ClInclude Include="Base\SDK\Classes\Block\Block.h">
      <Filter>Header Files</Filter>
    </ClInclude>
    <ClInclude Include="Base\SDK\Classes\Block\BlockLegacy.h">
      <Filter>Header Files</Filter>
    </ClInclude>
    <ClInclude Include="Base\SDK\Classes\Block\Material.h">
      <Filter>Header Files</Filter>
    </ClInclude>
    <ClInclude Include="Base\SDK\Classes\Block\MaterialType.h">
      <Filter>Header Files</Filter>
    </ClInclude>
    <ClInclude Include="Base\SDK\Components\AABBShapeComponent.h">
      <Filter>Header Files</Filter>
    </ClInclude>
    <ClInclude Include="Base\SDK\Classes\Core\LevelRender.h">
      <Filter>Header Files</Filter>
    </ClInclude>
    <ClInclude Include="Base\SDK\Classes\Core\MinecraftGame.h">
      <Filter>Header Files</Filter>
    </ClInclude>
    <ClInclude Include="Client\Modules\Visual\ESP.h">
      <Filter>Header Files</Filter>
    </ClInclude>
    <ClInclude Include="Base\SDK\Classes\Core\GLMatrix.h">
      <Filter>Header Files</Filter>
    </ClInclude>
    <ClInclude Include="Client\Events\Events\KeyboardEvent.h">
      <Filter>Header Files</Filter>
    </ClInclude>
    <ClInclude Include="Client\Events\Events\MouseEvent.h">
      <Filter>Header Files</Filter>
    </ClInclude>
    <ClInclude Include="Client\Events\Events\MouseScrollEvent.h">
      <Filter>Header Files</Filter>
    </ClInclude>
    <ClInclude Include="Base\Hooks\Input\MouseHook.h">
      <Filter>Header Files</Filter>
    </ClInclude>
    <ClInclude Include="Base\DirectX\MojangLes.h">
      <Filter>Header Files</Filter>
    </ClInclude>
    <ClInclude Include="Client\Modules\Misc\Regen.h">
      <Filter>Header Files</Filter>
    </ClInclude>
    <ClInclude Include="Client\Utils\RenderUtils.h">
      <Filter>Header Files</Filter>
    </ClInclude>
    <ClInclude Include="Client\Utils\ColorUtils.h">
      <Filter>Header Files</Filter>
    </ClInclude>
    <ClInclude Include="Client\Utils\TimeUtils.h">
      <Filter>Header Files</Filter>
    </ClInclude>
    <ClInclude Include="Client\Modules\Visual\Trails.h">
      <Filter>Header Files</Filter>
    </ClInclude>
    <ClInclude Include="Base\SDK\Components\RenderPositionComponent.h">
      <Filter>Header Files</Filter>
    </ClInclude>
    <ClInclude Include="Client\Modules\Player\ExperiencePoints.h">
      <Filter>Header Files</Filter>
    </ClInclude>
    <ClInclude Include="Client\Modules\Misc\Disabler.h">
      <Filter>Header Files</Filter>
    </ClInclude>
    <ClInclude Include="Base\SDK\Classes\Packet\LoopbackPacketSender.h">
      <Filter>Header Files</Filter>
    </ClInclude>
    <ClInclude Include="Client\Events\Events\PacketEvent.h">
      <Filter>Header Files</Filter>
    </ClInclude>
    <ClInclude Include="Base\Hooks\Game\LoopbackPacketSenderHook.h">
      <Filter>Header Files</Filter>
    </ClInclude>
    <ClInclude Include="Base\SDK\Classes\Container\Inventory.h">
      <Filter>Header Files</Filter>
    </ClInclude>
    <ClInclude Include="Base\SDK\Classes\Container\Item.h">
      <Filter>Header Files</Filter>
    </ClInclude>
    <ClInclude Include="Base\SDK\Classes\Container\ItemStack.h">
      <Filter>Header Files</Filter>
    </ClInclude>
    <ClInclude Include="Base\SDK\Classes\Container\PlayerInventory.h">
      <Filter>Header Files</Filter>
    </ClInclude>
    <ClInclude Include="Base\Hooks\Game\ContainerTickHook.h">
      <Filter>Header Files</Filter>
    </ClInclude>
    <ClInclude Include="Base\SDK\Classes\Container\ContainerScreenController.h">
      <Filter>Header Files</Filter>
    </ClInclude>
    <ClInclude Include="Client\Events\Events\ContainerTickEvent.h">
      <Filter>Header Files</Filter>
    </ClInclude>
    <ClInclude Include="Client\Modules\Player\ChestStealer.h">
      <Filter>Header Files</Filter>
    </ClInclude>
    <ClInclude Include="Client\Modules\Player\Phase.h">
      <Filter>Header Files</Filter>
    </ClInclude>
    <ClInclude Include="Base\Hooks\Actor\ActorBaseTickHook.h">
      <Filter>Header Files</Filter>
    </ClInclude>
    <ClInclude Include="Client\Events\Events\ActorBaseTickEvent.h">
      <Filter>Header Files</Filter>
    </ClInclude>
    <ClInclude Include="Client\Modules\Visual\ClickGUI\ClickGUI.h">
      <Filter>Header Files</Filter>
    </ClInclude>
    <ClInclude Include="Client\Utils\Math\Keys.h">
      <Filter>Header Files</Filter>
    </ClInclude>
    <ClInclude Include="Client\Modules\Visual\ClickGUI\ShadowGUI.h">
      <Filter>Header Files</Filter>
    </ClInclude>
    <ClInclude Include="Client\Utils\EasingUtil.h">
      <Filter>Header Files</Filter>
    </ClInclude>
    <ClInclude Include="Client\Modules\Visual\ClickGUI\ClickGUIManager.h">
      <Filter>Header Files</Filter>
    </ClInclude>
    <ClInclude Include="Client\Modules\Visual\Interface.h">
      <Filter>Header Files</Filter>
    </ClInclude>
    <ClInclude Include="Client\Modules\Visual\Watermark.h">
      <Filter>Header Files</Filter>
    </ClInclude>
    <ClInclude Include="Client\Modules\Misc\KickDecryptor.h">
      <Filter>Header Files</Filter>
    </ClInclude>
    <ClInclude Include="Client\Modules\Visual\LevelInfo.h">
      <Filter>Header Files</Filter>
    </ClInclude>
    <ClInclude Include="Libs\imgui\stb_image.h">
      <Filter>Header Files</Filter>
    </ClInclude>
    <ClInclude Include="Base\DirectX\LoadTexture.h">
      <Filter>Header Files</Filter>
    </ClInclude>
    <ClInclude Include="Client\Modules\Visual\ClickGUI\RiseGUI.h">
      <Filter>Header Files</Filter>
    </ClInclude>
    <ClInclude Include="Client\Utils\MovementUtils.h">
      <Filter>Header Files</Filter>
    </ClInclude>
    <ClInclude Include="Base\SDK\Components\MobBodyRotationComponent.h">
      <Filter>Header Files</Filter>
    </ClInclude>
    <ClInclude Include="Client\Modules\Visual\ServerRotations.h">
      <Filter>Header Files</Filter>
    </ClInclude>
    <ClInclude Include="Base\SDK\Components\ActorHeadRotationComponent.h">
      <Filter>Header Files</Filter>
    </ClInclude>
    <ClInclude Include="Client\Modules\Visual\RedstoneESP.h">
      <Filter>Header Files</Filter>
    </ClInclude>
    <ClInclude Include="Client\Modules\Player\NoSwing.h">
      <Filter>Header Files</Filter>
    </ClInclude>
    <ClInclude Include="Client\Modules\Player\NoRotate.h">
      <Filter>Header Files</Filter>
    </ClInclude>
    <ClInclude Include="Client\Modules\Player\AutoSpellbook.h">
      <Filter>Header Files</Filter>
    </ClInclude>
    <ClInclude Include="Client\Modules\Player\InvMove.h">
      <Filter>Header Files</Filter>
    </ClInclude>
    <ClInclude Include="Client\Modules\Player\MidClickPearl.h">
      <Filter>Header Files</Filter>
    </ClInclude>
    <ClInclude Include="Client\Modules\Motion\FastStop.h">
      <Filter>Header Files</Filter>
    </ClInclude>
    <ClInclude Include="Client\Modules\Motion\Sprint.h">
      <Filter>Header Files</Filter>
    </ClInclude>
    <ClInclude Include="Base\SDK\Classes\Actor\Dimension.h">
      <Filter>Header Files</Filter>
    </ClInclude>
    <ClInclude Include="Base\SDK\Classes\Actor\Weather.h">
      <Filter>Header Files</Filter>
    </ClInclude>
    <ClInclude Include="Client\Modules\Visual\Ambience.h">
      <Filter>Header Files</Filter>
    </ClInclude>
    <ClInclude Include="Client\Modules\Visual\Hurtcolor.h">
      <Filter>Header Files</Filter>
    </ClInclude>
    <ClInclude Include="Base\Hooks\Render\HurtColorHook.h">
      <Filter>Header Files</Filter>
    </ClInclude>
    <ClInclude Include="Base\SDK\Classes\Actor\ActorFlags.h">
      <Filter>Header Files</Filter>
    </ClInclude>
    <ClInclude Include="Client\Modules\Misc\NetSkip.h">
      <Filter>Header Files</Filter>
    </ClInclude>
    <ClInclude Include="Base\Hooks\Game\RakPeerHook.h">
      <Filter>Header Files</Filter>
    </ClInclude>
    <ClInclude Include="Client\Modules\Visual\TargetHUD.h">
      <Filter>Header Files</Filter>
    </ClInclude>
    <ClInclude Include="Libs\entt\entt\config\config.h">
      <Filter>Header Files</Filter>
    </ClInclude>
    <ClInclude Include="Libs\entt\entt\config\macro.h">
      <Filter>Header Files</Filter>
    </ClInclude>
    <ClInclude Include="Libs\entt\entt\config\version.h">
      <Filter>Header Files</Filter>
    </ClInclude>
    <ClInclude Include="Libs\entt\entt\container\dense_map.hpp">
      <Filter>Header Files</Filter>
    </ClInclude>
    <ClInclude Include="Libs\entt\entt\container\dense_set.hpp">
      <Filter>Header Files</Filter>
    </ClInclude>
    <ClInclude Include="Libs\entt\entt\container\fwd.hpp">
      <Filter>Header Files</Filter>
    </ClInclude>
    <ClInclude Include="Libs\entt\entt\core\algorithm.hpp">
      <Filter>Header Files</Filter>
    </ClInclude>
    <ClInclude Include="Libs\entt\entt\core\any.hpp">
      <Filter>Header Files</Filter>
    </ClInclude>
    <ClInclude Include="Libs\entt\entt\core\attribute.h">
      <Filter>Header Files</Filter>
    </ClInclude>
    <ClInclude Include="Libs\entt\entt\core\compressed_pair.hpp">
      <Filter>Header Files</Filter>
    </ClInclude>
    <ClInclude Include="Libs\entt\entt\core\enum.hpp">
      <Filter>Header Files</Filter>
    </ClInclude>
    <ClInclude Include="Libs\entt\entt\core\family.hpp">
      <Filter>Header Files</Filter>
    </ClInclude>
    <ClInclude Include="Libs\entt\entt\core\fwd.hpp">
      <Filter>Header Files</Filter>
    </ClInclude>
    <ClInclude Include="Libs\entt\entt\core\hashed_string.hpp">
      <Filter>Header Files</Filter>
    </ClInclude>
    <ClInclude Include="Libs\entt\entt\core\ident.hpp">
      <Filter>Header Files</Filter>
    </ClInclude>
    <ClInclude Include="Libs\entt\entt\core\iterator.hpp">
      <Filter>Header Files</Filter>
    </ClInclude>
    <ClInclude Include="Libs\entt\entt\core\memory.hpp">
      <Filter>Header Files</Filter>
    </ClInclude>
    <ClInclude Include="Libs\entt\entt\core\monostate.hpp">
      <Filter>Header Files</Filter>
    </ClInclude>
    <ClInclude Include="Libs\entt\entt\core\tuple.hpp">
      <Filter>Header Files</Filter>
    </ClInclude>
    <ClInclude Include="Libs\entt\entt\core\type_info.hpp">
      <Filter>Header Files</Filter>
    </ClInclude>
    <ClInclude Include="Libs\entt\entt\core\type_traits.hpp">
      <Filter>Header Files</Filter>
    </ClInclude>
    <ClInclude Include="Libs\entt\entt\core\utility.hpp">
      <Filter>Header Files</Filter>
    </ClInclude>
    <ClInclude Include="Libs\entt\entt\entity\component.hpp">
      <Filter>Header Files</Filter>
    </ClInclude>
    <ClInclude Include="Libs\entt\entt\entity\entity.hpp">
      <Filter>Header Files</Filter>
    </ClInclude>
    <ClInclude Include="Libs\entt\entt\entity\fwd.hpp">
      <Filter>Header Files</Filter>
    </ClInclude>
    <ClInclude Include="Libs\entt\entt\entity\group.hpp">
      <Filter>Header Files</Filter>
    </ClInclude>
    <ClInclude Include="Libs\entt\entt\entity\handle.hpp">
      <Filter>Header Files</Filter>
    </ClInclude>
    <ClInclude Include="Libs\entt\entt\entity\helper.hpp">
      <Filter>Header Files</Filter>
    </ClInclude>
    <ClInclude Include="Libs\entt\entt\entity\mixin.hpp">
      <Filter>Header Files</Filter>
    </ClInclude>
    <ClInclude Include="Libs\entt\entt\entity\observer.hpp">
      <Filter>Header Files</Filter>
    </ClInclude>
    <ClInclude Include="Libs\entt\entt\entity\organizer.hpp">
      <Filter>Header Files</Filter>
    </ClInclude>
    <ClInclude Include="Libs\entt\entt\entity\registry.hpp">
      <Filter>Header Files</Filter>
    </ClInclude>
    <ClInclude Include="Libs\entt\entt\entity\runtime_view.hpp">
      <Filter>Header Files</Filter>
    </ClInclude>
    <ClInclude Include="Libs\entt\entt\entity\snapshot.hpp">
      <Filter>Header Files</Filter>
    </ClInclude>
    <ClInclude Include="Libs\entt\entt\entity\sparse_set.hpp">
      <Filter>Header Files</Filter>
    </ClInclude>
    <ClInclude Include="Libs\entt\entt\entity\storage.hpp">
      <Filter>Header Files</Filter>
    </ClInclude>
    <ClInclude Include="Libs\entt\entt\entity\view.hpp">
      <Filter>Header Files</Filter>
    </ClInclude>
    <ClInclude Include="Libs\entt\entt\graph\adjacency_matrix.hpp">
      <Filter>Header Files</Filter>
    </ClInclude>
    <ClInclude Include="Libs\entt\entt\graph\dot.hpp">
      <Filter>Header Files</Filter>
    </ClInclude>
    <ClInclude Include="Libs\entt\entt\graph\flow.hpp">
      <Filter>Header Files</Filter>
    </ClInclude>
    <ClInclude Include="Libs\entt\entt\graph\fwd.hpp">
      <Filter>Header Files</Filter>
    </ClInclude>
    <ClInclude Include="Libs\entt\entt\locator\locator.hpp">
      <Filter>Header Files</Filter>
    </ClInclude>
    <ClInclude Include="Libs\entt\entt\meta\adl_pointer.hpp">
      <Filter>Header Files</Filter>
    </ClInclude>
    <ClInclude Include="Libs\entt\entt\meta\container.hpp">
      <Filter>Header Files</Filter>
    </ClInclude>
    <ClInclude Include="Libs\entt\entt\meta\context.hpp">
      <Filter>Header Files</Filter>
    </ClInclude>
    <ClInclude Include="Libs\entt\entt\meta\factory.hpp">
      <Filter>Header Files</Filter>
    </ClInclude>
    <ClInclude Include="Libs\entt\entt\meta\fwd.hpp">
      <Filter>Header Files</Filter>
    </ClInclude>
    <ClInclude Include="Libs\entt\entt\meta\meta.hpp">
      <Filter>Header Files</Filter>
    </ClInclude>
    <ClInclude Include="Libs\entt\entt\meta\node.hpp">
      <Filter>Header Files</Filter>
    </ClInclude>
    <ClInclude Include="Libs\entt\entt\meta\pointer.hpp">
      <Filter>Header Files</Filter>
    </ClInclude>
    <ClInclude Include="Libs\entt\entt\meta\policy.hpp">
      <Filter>Header Files</Filter>
    </ClInclude>
    <ClInclude Include="Libs\entt\entt\meta\range.hpp">
      <Filter>Header Files</Filter>
    </ClInclude>
    <ClInclude Include="Libs\entt\entt\meta\resolve.hpp">
      <Filter>Header Files</Filter>
    </ClInclude>
    <ClInclude Include="Libs\entt\entt\meta\template.hpp">
      <Filter>Header Files</Filter>
    </ClInclude>
    <ClInclude Include="Libs\entt\entt\meta\type_traits.hpp">
      <Filter>Header Files</Filter>
    </ClInclude>
    <ClInclude Include="Libs\entt\entt\meta\utility.hpp">
      <Filter>Header Files</Filter>
    </ClInclude>
    <ClInclude Include="Libs\entt\entt\platform\android-ndk-r17.hpp">
      <Filter>Header Files</Filter>
    </ClInclude>
    <ClInclude Include="Libs\entt\entt\poly\fwd.hpp">
      <Filter>Header Files</Filter>
    </ClInclude>
    <ClInclude Include="Libs\entt\entt\poly\poly.hpp">
      <Filter>Header Files</Filter>
    </ClInclude>
    <ClInclude Include="Libs\entt\entt\process\fwd.hpp">
      <Filter>Header Files</Filter>
    </ClInclude>
    <ClInclude Include="Libs\entt\entt\process\process.hpp">
      <Filter>Header Files</Filter>
    </ClInclude>
    <ClInclude Include="Libs\entt\entt\process\scheduler.hpp">
      <Filter>Header Files</Filter>
    </ClInclude>
    <ClInclude Include="Libs\entt\entt\resource\cache.hpp">
      <Filter>Header Files</Filter>
    </ClInclude>
    <ClInclude Include="Libs\entt\entt\resource\fwd.hpp">
      <Filter>Header Files</Filter>
    </ClInclude>
    <ClInclude Include="Libs\entt\entt\resource\loader.hpp">
      <Filter>Header Files</Filter>
    </ClInclude>
    <ClInclude Include="Libs\entt\entt\resource\resource.hpp">
      <Filter>Header Files</Filter>
    </ClInclude>
    <ClInclude Include="Libs\entt\entt\signal\delegate.hpp">
      <Filter>Header Files</Filter>
    </ClInclude>
    <ClInclude Include="Libs\entt\entt\signal\dispatcher.hpp">
      <Filter>Header Files</Filter>
    </ClInclude>
    <ClInclude Include="Libs\entt\entt\signal\emitter.hpp">
      <Filter>Header Files</Filter>
    </ClInclude>
    <ClInclude Include="Libs\entt\entt\signal\fwd.hpp">
      <Filter>Header Files</Filter>
    </ClInclude>
    <ClInclude Include="Libs\entt\entt\signal\sigh.hpp">
      <Filter>Header Files</Filter>
    </ClInclude>
    <ClInclude Include="Libs\entt\entt\entt.hpp">
      <Filter>Header Files</Filter>
    </ClInclude>
    <ClInclude Include="Libs\entt\entt\fwd.hpp">
      <Filter>Header Files</Filter>
    </ClInclude>
    <ClInclude Include="Base\SDK\Components\MobHurtTimeComponent.h">
      <Filter>Header Files</Filter>
    </ClInclude>
    <ClInclude Include="Base\SDK\Classes\Packet\PacketID.h">
      <Filter>Header Files</Filter>
    </ClInclude>
    <ClInclude Include="Client\Utils\ChatUtils.h">
      <Filter>Header Files</Filter>
    </ClInclude>
    <ClInclude Include="Base\SDK\Classes\GameMode\GameType.h">
      <Filter>Header Files</Filter>
    </ClInclude>
    <ClInclude Include="Client\Modules\Player\AntiImmobile.h">
      <Filter>Header Files</Filter>
    </ClInclude>
    <ClInclude Include="Client\Modules\Player\Killsults.h">
      <Filter>Header Files</Filter>
    </ClInclude>
    <ClInclude Include="Client\Modules\Visual\Notifications.h">
      <Filter>Header Files</Filter>
    </ClInclude>
    <ClInclude Include="Client\Notifications\Notification.h">
      <Filter>Header Files</Filter>
    </ClInclude>
    <ClInclude Include="Client\Notifications\NotificationsSettings.h">
      <Filter>Header Files</Filter>
    </ClInclude>
    <ClInclude Include="Client\Modules\Misc\IRC.h">
      <Filter>Header Files</Filter>
    </ClInclude>
    <ClInclude Include="Client\Authentication\Authentication.h">
      <Filter>Header Files</Filter>
    </ClInclude>
    <ClInclude Include="Client\Modules\Motion\AntiVoid.h">
      <Filter>Header Files</Filter>
    </ClInclude>
    <ClInclude Include="Client\Modules\Motion\Step.h">
      <Filter>Header Files</Filter>
    </ClInclude>
    <ClInclude Include="Libs\xorstr.h">
      <Filter>Header Files</Filter>
    </ClInclude>
    <ClInclude Include="Base\SDK\Classes\Actor\EntityContext.h">
      <Filter>Header Files</Filter>
    </ClInclude>
    <ClInclude Include="Base\SDK\Classes\Actor\EntityID.h">
      <Filter>Header Files</Filter>
    </ClInclude>
    <ClInclude Include="Base\SDK\Classes\Actor\EntityIdTraits.h">
      <Filter>Header Files</Filter>
    </ClInclude>
    <ClInclude Include="Base\SDK\Classes\Render\ScreenView.h">
      <Filter>Header Files</Filter>
    </ClInclude>
    <ClInclude Include="Base\SDK\Classes\Render\UILayer.h">
      <Filter>Header Files</Filter>
    </ClInclude>
    <ClInclude Include="Client\Modules\Misc\Desync.h">
      <Filter>Header Files</Filter>
    </ClInclude>
    <ClInclude Include="Client\Modules\Misc\NoPacket.h">
      <Filter>Header Files</Filter>
    </ClInclude>
    <ClInclude Include="Client\Modules\Visual\FullBright.h">
      <Filter>Header Files</Filter>
    </ClInclude>
    <ClInclude Include="Client\Utils\FileUtils.h">
      <Filter>Header Files</Filter>
    </ClInclude>
    <ClInclude Include="Base\SDK\Classes\Attribute\Attribute.h">
      <Filter>Header Files</Filter>
    </ClInclude>
    <ClInclude Include="Base\Hooks\Game\GameModeHook.h">
      <Filter>Header Files</Filter>
    </ClInclude>
    <ClInclude Include="Client\Modules\Visual\SuperHeroFX.h">
      <Filter>Header Files</Filter>
    </ClInclude>
    <ClInclude Include="Client\Modules\Motion\AirJump.h">
      <Filter>Header Files</Filter>
    </ClInclude>
    <ClInclude Include="Base\SDK\Components\ActorRotationComponent.h">
      <Filter>Header Files</Filter>
    </ClInclude>
    <ClInclude Include="Base\Hooks\Actor\ActorHooks.h">
      <Filter>Header Files</Filter>
    </ClInclude>
    <ClInclude Include="Client\Events\Events\IntersectsTickEvent.h">
      <Filter>Header Files</Filter>
    </ClInclude>
    <ClInclude Include="Base\SDK\Components\MaxAutoStepComponent.h">
      <Filter>Header Files</Filter>
    </ClInclude>
    <ClInclude Include="Client\Modules\Visual\NameTags.h">
      <Filter>Header Files</Filter>
    </ClInclude>
    <ClInclude Include="Base\SDK\Components\FallDistanceComponent.h">
      <Filter>Header Files</Filter>
    </ClInclude>
    <ClInclude Include="Client\Modules\Motion\NoSlowDown.h">
      <Filter>Header Files</Filter>
    </ClInclude>
    <ClInclude Include="Base\SDK\Components\BlockMovementSlowdownMultiplierComponent.h">
      <Filter>Header Files</Filter>
    </ClInclude>
    <ClInclude Include="Client\Events\Events\ViewBobbingTickEvent.h">
      <Filter>Header Files</Filter>
    </ClInclude>
    <ClInclude Include="Client\Command\Command.h">
      <Filter>Header Files</Filter>
    </ClInclude>
    <ClInclude Include="Client\Command\CommandManager.h">
      <Filter>Header Files</Filter>
    </ClInclude>
    <ClInclude Include="Client\Command\Commands\TestCommand.h">
      <Filter>Header Files</Filter>
    </ClInclude>
    <ClInclude Include="Client\Utils\DiscordUtil.h">
      <Filter>Header Files</Filter>
    </ClInclude>
    <ClInclude Include="Client\Command\Commands\BindCommand.h">
      <Filter>Header Files</Filter>
    </ClInclude>
    <ClInclude Include="Client\Command\Commands\ConfigCommand.h">
      <Filter>Header Files</Filter>
    </ClInclude>
    <ClInclude Include="Client\Configuration\ConfigManager.h">
      <Filter>Header Files</Filter>
    </ClInclude>
    <ClInclude Include="Client\Modules\Misc\AntiRegen.h">
      <Filter>Header Files</Filter>
    </ClInclude>
    <ClInclude Include="Client\Modules\Misc\PacketMine.h">
      <Filter>Header Files</Filter>
    </ClInclude>
    <ClInclude Include="Client\Modules\Player\Derp.h">
      <Filter>Header Files</Filter>
    </ClInclude>
    <ClInclude Include="Libs\json.hpp">
      <Filter>Header Files</Filter>
    </ClInclude>
    <ClInclude Include="Client\Modules\Misc\TestModule.h">
      <Filter>Header Files</Filter>
    </ClInclude>
    <ClInclude Include="Client\Modules\Combat\Teams.h">
      <Filter>Header Files</Filter>
    </ClInclude>
    <ClInclude Include="Client\Modules\Player\InventoryManager.h">
      <Filter>Header Files</Filter>
    </ClInclude>
    <ClInclude Include="Client\Events\Events\LayerEvent.h">
      <Filter>Header Files</Filter>
    </ClInclude>
    <ClInclude Include="Base\SDK\Components\MoveInputComponent.h">
      <Filter>Header Files</Filter>
    </ClInclude>
    <ClInclude Include="Client\Modules\Misc\OreMiner.h">
      <Filter>Header Files</Filter>
    </ClInclude>
    <ClInclude Include="Base\SDK\Classes\Core\Font.h">
      <Filter>Header Files</Filter>
    </ClInclude>
    <ClInclude Include="Base\SDK\Classes\Render\UIControl.h">
      <Filter>Header Files</Filter>
    </ClInclude>
    <ClInclude Include="Base\SDK\Classes\Render\HoverTextRenderer.h">
      <Filter>Header Files</Filter>
    </ClInclude>
    <ClInclude Include="Base\SDK\Classes\Attribute\BaseAttributeMap.h">
      <Filter>Header Files</Filter>
    </ClInclude>
    <ClInclude Include="Base\SDK\Components\AttributesComponent.h">
      <Filter>Header Files</Filter>
    </ClInclude>
    <ClInclude Include="Client\Modules\Misc\Surround.h">
      <Filter>Header Files</Filter>
    </ClInclude>
    <ClInclude Include="Client\Modules\Visual\AntiInvis.h">
      <Filter>Header Files</Filter>
    </ClInclude>
    <ClInclude Include="Client\Modules\Misc\AutoBoombox.h">
      <Filter>Header Files</Filter>
    </ClInclude>
    <ClInclude Include="Client\Modules\Visual\ViewModel.h">
      <Filter>Header Files</Filter>
    </ClInclude>
    <ClInclude Include="Client\Modules\Misc\FastBreak.h">
      <Filter>Header Files</Filter>
    </ClInclude>
    <ClInclude Include="Base\SDK\Components\ActorTypeComponent.h">
      <Filter>Header Files</Filter>
    </ClInclude>
    <ClInclude Include="Client\Modules\Misc\AutoLootbox.h">
      <Filter>Header Files</Filter>
    </ClInclude>
    <ClInclude Include="Base\DirectX\Comfortaa.h">
      <Filter>Header Files</Filter>
    </ClInclude>
    <ClInclude Include="Base\DirectX\ComfortaaBold.h">
      <Filter>Header Files</Filter>
    </ClInclude>
    <ClInclude Include="Base\DirectX\Comic.h">
      <Filter>Header Files</Filter>
    </ClInclude>
    <ClInclude Include="Base\DirectX\ProductSansBold.h">
      <Filter>Header Files</Filter>
    </ClInclude>
    <ClInclude Include="Client\Modules\Misc\Goofy.h">
      <Filter>Header Files</Filter>
    </ClInclude>
    <ClInclude Include="Client\Modules\Visual\StreamerMode.h">
      <Filter>Header Files</Filter>
    </ClInclude>
    <ClInclude Include="Base\SDK\Classes\Packet\CommandRequestPacket.h">
      <Filter>Header Files</Filter>
    </ClInclude>
    <ClInclude Include="Base\SDK\Classes\Packet\TextPacket.h">
      <Filter>Header Files</Filter>
    </ClInclude>
    <ClInclude Include="Base\SDK\Classes\Packet\PlaySoundPacket.h">
      <Filter>Header Files</Filter>
    </ClInclude>
    <ClInclude Include="Base\SDK\Classes\Packet\PlayerAuthInputPacket.h">
      <Filter>Header Files</Filter>
    </ClInclude>
    <ClInclude Include="Client\Modules\Misc\AutoQueue.h">
      <Filter>Header Files</Filter>
    </ClInclude>
    <ClInclude Include="Base\SDK\Classes\Packet\MobEquipmentPacket.h">
      <Filter>Header Files</Filter>
    </ClInclude>
    <ClInclude Include="Client\Modules\Visual\NoFire.h">
      <Filter>Header Files</Filter>
    </ClInclude>
    <ClInclude Include="Base\DirectX\Icons.h">
      <Filter>Header Files</Filter>
    </ClInclude>
    <ClInclude Include="Base\Hooks\Render\RenderItemInHandDescriptionHook.h">
      <Filter>Header Files</Filter>
    </ClInclude>
    <ClInclude Include="Base\SDK\Classes\Container\SimpleContainer.h">
      <Filter>Header Files</Filter>
    </ClInclude>
    <ClInclude Include="Base\SDK\Classes\Packet\DisconnectPacket.h">
      <Filter>Header Files</Filter>
    </ClInclude>
    <ClInclude Include="Base\SDK\Classes\Packet\InventoryTransactionPacket.h">
      <Filter>Header Files</Filter>
    </ClInclude>
    <ClInclude Include="Base\SDK\Components\ActorEquipmentComponent.h">
      <Filter>Header Files</Filter>
    </ClInclude>
    <ClInclude Include="Base\SDK\Components\ActorUniqueIDComponent.h">
      <Filter>Header Files</Filter>
    </ClInclude>
    <ClInclude Include="Base\SDK\Components\DepenetrationComponent.h">
      <Filter>Header Files</Filter>
    </ClInclude>
    <ClInclude Include="Base\SDK\Components\FlagComponent.h">
      <Filter>Header Files</Filter>
    </ClInclude>
    <ClInclude Include="Base\SDK\Components\RuntimeIDComponent.h">
      <Filter>Header Files</Filter>
    </ClInclude>
    <ClInclude Include="Base\SDK\Memory.h">
      <Filter>Header Files</Filter>
    </ClInclude>
    <ClInclude Include="Client\Modules\Misc\RegenOld.h">
      <Filter>Header Files</Filter>
    </ClInclude>
    <ClInclude Include="Client\Modules\Visual\Glint.h">
      <Filter>Header Files</Filter>
    </ClInclude>
    <ClInclude Include="Client\Utils\KickDecryptorUtils.h">
      <Filter>Header Files</Filter>
    </ClInclude>
    <ClInclude Include="Libs\libhat\libhat.hpp">
      <Filter>Header Files</Filter>
    </ClInclude>
    <ClInclude Include="Libs\libhat\libhat\Access.hpp">
      <Filter>Header Files</Filter>
    </ClInclude>
    <ClInclude Include="Libs\libhat\libhat\Callable.hpp">
      <Filter>Header Files</Filter>
    </ClInclude>
    <ClInclude Include="Libs\libhat\libhat\CompileTime.hpp">
      <Filter>Header Files</Filter>
    </ClInclude>
    <ClInclude Include="Libs\libhat\libhat\Concepts.hpp">
      <Filter>Header Files</Filter>
    </ClInclude>
    <ClInclude Include="Libs\libhat\libhat\c\libhat.h">
      <Filter>Header Files</Filter>
    </ClInclude>
    <ClInclude Include="Libs\libhat\libhat\Defines.hpp">
      <Filter>Header Files</Filter>
    </ClInclude>
    <ClInclude Include="Libs\libhat\libhat\FixedString.hpp">
      <Filter>Header Files</Filter>
    </ClInclude>
    <ClInclude Include="Libs\libhat\libhat\MemoryProtector.hpp">
      <Filter>Header Files</Filter>
    </ClInclude>
    <ClInclude Include="Libs\libhat\libhat\Process.hpp">
      <Filter>Header Files</Filter>
    </ClInclude>
    <ClInclude Include="Libs\libhat\libhat\Result.hpp">
      <Filter>Header Files</Filter>
    </ClInclude>
    <ClInclude Include="Libs\libhat\libhat\Scanner.hpp">
      <Filter>Header Files</Filter>
    </ClInclude>
    <ClInclude Include="Libs\libhat\libhat\Signature.hpp">
      <Filter>Header Files</Filter>
    </ClInclude>
    <ClInclude Include="Libs\libhat\libhat\StringLiteral.hpp">
      <Filter>Header Files</Filter>
    </ClInclude>
    <ClInclude Include="Libs\libhat\libhat\Traits.hpp">
      <Filter>Header Files</Filter>
    </ClInclude>
    <ClInclude Include="Client\Modules\Motion\HiveFly.h">
      <Filter>Header Files</Filter>
    </ClInclude>
    <ClInclude Include="Base\SDK\Classes\Actor\SerializedSkin.h">
      <Filter>Header Files</Filter>
    </ClInclude>
    <ClInclude Include="Base\SDK\Classes\Packet\MovePlayerPacket.h">
      <Filter>Header Files</Filter>
    </ClInclude>
    <ClInclude Include="Base\SDK\Classes\Packet\NetworkStackLatencyPacket.h">
      <Filter>Header Files</Filter>
    </ClInclude>
    <ClInclude Include="Client\Utils\Math\svpng.h">
      <Filter>Header Files</Filter>
    </ClInclude>
    <ClInclude Include="Base\Hooks\Game\ConnectionRequestHook.h">
      <Filter>Header Files</Filter>
    </ClInclude>
    <ClInclude Include="Base\SDK\Classes\Network\ConnectionRequest.h">
      <Filter>Header Files</Filter>
    </ClInclude>
    <ClInclude Include="Base\SDK\Address.h">
      <Filter>Header Files</Filter>
    </ClInclude>
    <ClInclude Include="Base\SDK\Classes\Core\bgfx.h">
      <Filter>Header Files</Filter>
    </ClInclude>
    <ClInclude Include="Base\SDK\Classes\Packet\LevelEventPacket.h">
      <Filter>Header Files</Filter>
    </ClInclude>
    <ClInclude Include="Client\Modules\Misc\PingHolder.h">
      <Filter>Header Files</Filter>
    </ClInclude>
    <ClInclude Include="Client\Modules\Visual\BlockESP.h">
      <Filter>Header Files</Filter>
    </ClInclude>
    <ClInclude Include="Base\SDK\Classes\Render\Tessellator.h">
      <Filter>Header Files</Filter>
    </ClInclude>
    <ClInclude Include="Base\SDK\Classes\Render\VertextFormat.h">
      <Filter>Header Files</Filter>
    </ClInclude>
    <ClInclude Include="Base\SDK\Classes\Render\MaterialPtr.h">
      <Filter>Header Files</Filter>
    </ClInclude>
    <ClInclude Include="Base\SDK\Classes\Render\HashedString.h">
      <Filter>Header Files</Filter>
    </ClInclude>
    <ClInclude Include="Base\SDK\Classes\Render\ScreenContext.h">
      <Filter>Header Files</Filter>
    </ClInclude>
    <ClInclude Include="Client\Modules\Misc\AutoTool.h">
      <Filter>Header Files</Filter>
    </ClInclude>
    <ClInclude Include="Base\SDK\Misc.h">
      <Filter>Header Files</Filter>
    </ClInclude>
    <ClInclude Include="Client\Utils\Math\String.h">
      <Filter>Header Files</Filter>
    </ClInclude>
    <ClInclude Include="Client\Modules\Visual\DestroyProgress.h">
      <Filter>Header Files</Filter>
    </ClInclude>
    <ClInclude Include="Client\Modules\Misc\Fatngga.h">
      <Filter>Header Files</Filter>
    </ClInclude>
    <ClInclude Include="Client\Modules\Visual\JumpCircle.h">
      <Filter>Header Files</Filter>
    </ClInclude>
    <ClInclude Include="Base\SDK\Classes\Packet\PlayerActionPacket.h">
      <Filter>Header Files</Filter>
    </ClInclude>
    <ClInclude Include="Base\SDK\Classes\Packet\NetworkBlockPosition.h">
      <Filter>Header Files</Filter>
    </ClInclude>
    <ClInclude Include="Base\SDK\Components\JumpComponent.h">
      <Filter>Header Files</Filter>
    </ClInclude>
    <ClInclude Include="Client\Modules\Player\NoJumpDelay.h">
      <Filter>Header Files</Filter>
    </ClInclude>
    <ClInclude Include="Base\SDK\Classes\Actor\ActorDefinitionIdentifier.h">
      <Filter>Header Files</Filter>
    </ClInclude>
    <ClInclude Include="Base\SDK\Components\ActorDefinitionIdentifierComponent.h">
      <Filter>Header Files</Filter>
    </ClInclude>
    <ClInclude Include="Base\SDK\Components\ActorGameTypeComponent.h">
      <Filter>Header Files</Filter>
    </ClInclude>
    <ClInclude Include="Client\Modules\Misc\Freecam.h">
      <Filter>Header Files</Filter>
    </ClInclude>
    <ClInclude Include="Client\Modules\Combat\AutoClicker.h">
      <Filter>Header Files</Filter>
    </ClInclude>
    <ClInclude Include="Client\Modules\Visual\ClickGUI\ApolloGUI.h">
      <Filter>Header Files</Filter>
    </ClInclude>
    <ClInclude Include="Client\Modules\Motion\LongJump.h">
      <Filter>Header Files</Filter>
    </ClInclude>
  </ItemGroup>
  <ItemGroup>
    <None Include="Libs\entt\BUILD.bazel" />
    <None Include="Libs\libhat\libhat\Scanner.inl">
      <Filter>Header Files</Filter>
    </None>
  </ItemGroup>
  <ItemGroup>
    <Library Include="Libs\libhat\libhat.lib" />
    <Library Include="Libs\libhat\libhat_debug.lib" />
  </ItemGroup>
</Project>